hash: afd57266d613e88c819ee58136a87183fbafd0e37c14dd9cb6e2460548155315
updated: 2018-11-29T12:25:01.132044371+06:00
imports:
- name: github.com/appscode/go
  version: a6d58457b39324ead2ffb1f24be7a0a638c9f112
  subpackages:
  - analytics
  - context
  - encoding/json/types
  - homedir
  - log
  - log/golog
  - net
  - runtime
  - sets
  - types
  - version
- name: github.com/appscode/jsonpatch
  version: 5af499cf01c842bfdd7761a433fc90525ccd6836
- name: github.com/appscode/kutil
  version: 239838b6231b8a27a66426e25678351ce50c4cfd
  subpackages:
  - apiextensions/v1beta1
  - meta
  - tools/analytics
  - tools/cli
- name: github.com/armon/go-radix
  version: 1a2de0c21c94309923825da3df33a4381872c795
- name: github.com/aws/aws-sdk-go
  version: fde4ded7becdeae4d26bf1212916aabba79349b4
  subpackages:
  - aws
  - aws/awserr
  - aws/awsutil
  - aws/client
  - aws/client/metadata
  - aws/corehandlers
  - aws/credentials
  - aws/credentials/ec2rolecreds
  - aws/credentials/endpointcreds
  - aws/credentials/stscreds
  - aws/csm
  - aws/defaults
  - aws/ec2metadata
  - aws/endpoints
  - aws/request
  - aws/session
  - aws/signer/v4
  - internal/sdkio
  - internal/sdkrand
  - internal/shareddefaults
  - private/protocol
  - private/protocol/query
  - private/protocol/query/queryutil
  - private/protocol/rest
  - private/protocol/xml/xmlutil
  - service/sts
- name: github.com/container-storage-interface/spec
  version: ed0bb0e1557548aa028307f48728767cfe8f6345
  subpackages:
  - lib/go/csi
- name: github.com/cpuguy83/go-md2man
  version: 20f5889cbdc3c73dbd2862796665e7c465ade7d1
  subpackages:
  - md2man
- name: github.com/davecgh/go-spew
  version: 8991bc29aa16c548c550c7ff78260e27b9ab7c73
  subpackages:
  - spew
- name: github.com/emicklei/go-restful
  version: ff4f55a206334ef123e4f79bbf348980da81ca46
  subpackages:
  - log
- name: github.com/evanphx/json-patch
  version: afac545df32f2287a079e2dfb7ba2745a643747e
- name: github.com/fatih/structs
  version: 878a968ab22548362a09bdb3322f98b00f470d46
- name: github.com/ghodss/yaml
  version: 0ca9ea5df5451ffdf184b4428c902747c2c11cd7
- name: github.com/go-ini/ini
  version: 20b96f641a5ea98f2f8619ff4f3e061cff4833bd
- name: github.com/go-openapi/jsonpointer
  version: 46af16f9f7b149af66e5d1bd010e3574dc06de98
- name: github.com/go-openapi/jsonreference
  version: 13c6e3589ad90f49bd3e3bbe2c2cb3d7a4142272
- name: github.com/go-openapi/spec
  version: 1de3e0542de65ad8d75452a595886fdd0befb363
- name: github.com/go-openapi/swag
  version: f3f9494671f93fcff853e3c6e9e948b3eb71e590
- name: github.com/gogo/protobuf
  version: c0656edd0d9eab7c66d1eb0c568f9039345796f7
  subpackages:
  - proto
  - sortkeys
- name: github.com/golang/glog
  version: 44145f04b68cf362d9c4df2182967c2275eaefed
- name: github.com/golang/protobuf
  version: b4deda0973fb4c70b50d226b1af49f3da59f5265
  subpackages:
  - jsonpb
  - proto
  - protoc-gen-go/descriptor
  - ptypes
  - ptypes/any
  - ptypes/duration
  - ptypes/struct
  - ptypes/timestamp
  - ptypes/wrappers
- name: github.com/golang/snappy
  version: cef980a12b316c5b7e5bb3a8e168eb43ae999a88
- name: github.com/google/btree
  version: 7d79101e329e5a3adf994758c578dab82b90c017
- name: github.com/google/go-cmp
  version: 2248b49eaa8e1c8c0963ee77b40841adbc19d4ca
  subpackages:
  - cmp
  - cmp/internal/diff
  - cmp/internal/function
  - cmp/internal/value
- name: github.com/google/gofuzz
  version: 44d81051d367757e1c7c6a5a86423ece9afcf63c
- name: github.com/google/uuid
  version: 8c31c18f31ede9fc8eae72290a7e7a8064e9b3e3
- name: github.com/googleapis/gnostic
  version: 0c5108395e2debce0d731cf0287ddf7242066aba
  subpackages:
  - OpenAPIv2
  - compiler
  - extensions
- name: github.com/gorilla/websocket
  version: 66b9c49e59c6c48f0ffce28c2d8b8a5678502c6d
- name: github.com/gregjones/httpcache
  version: 787624de3eb7bd915c329cba748687a3b22666a6
  subpackages:
  - diskcache
- name: github.com/hashicorp/errwrap
  version: 8a6fb523712970c966eefc6b39ed2c5e74880354
- name: github.com/hashicorp/go-cleanhttp
  version: e8ab9daed8d1ddd2d3c4efba338fe2eeae2e4f18
- name: github.com/hashicorp/go-hclog
  version: 61d530d6c27f994fb6c83b80f99a69c54125ec8a
- name: github.com/hashicorp/go-immutable-radix
  version: 27df80928bb34bb1b0d6d0e01b9e679902e7a6b5
- name: github.com/hashicorp/go-multierror
  version: 886a7fbe3eb1c874d46f623bfa70af45f425b3d1
- name: github.com/hashicorp/go-plugin
  version: 54b6ff97d8180dbbd93d2010dd4a92c86f604bb8
- name: github.com/hashicorp/go-retryablehttp
  version: dfbae6744eb4c188d26ef53f1d39444c0c68b60c
- name: github.com/hashicorp/go-rootcerts
  version: 6bb64b370b90e7ef1fa532be9e591a81c3493e00
- name: github.com/hashicorp/go-sockaddr
  version: 6d291a969b86c4b633730bfc6b8b9d64c3aafed9
- name: github.com/hashicorp/go-uuid
  version: 4f571afc59f3043a65f8fe6bf46d887b10a01d43
- name: github.com/hashicorp/go-version
  version: b5a281d3160aa11950a6182bd9a9dc2cb1e02d50
- name: github.com/hashicorp/golang-lru
  version: a0d98a5f288019575c6d1f4bb1573fef2d1fcdc4
  subpackages:
  - simplelru
- name: github.com/hashicorp/hcl
  version: d8c773c4cba11b11539e3d45f93daeaa5dcf1fa1
  subpackages:
  - hcl/ast
  - hcl/parser
  - hcl/scanner
  - hcl/strconv
  - hcl/token
  - json/parser
  - json/scanner
  - json/token
- name: github.com/hashicorp/vault
  version: fb601237bfbe4bc16ff679f642248ee8a86e627b
  subpackages:
  - api
  - helper/awsutil
  - helper/certutil
  - helper/compressutil
  - helper/consts
  - helper/errutil
  - helper/hclutil
  - helper/jsonutil
  - helper/license
  - helper/locksutil
  - helper/logging
  - helper/mlock
  - helper/parseutil
  - helper/pathmanager
  - helper/pluginutil
  - helper/strutil
  - helper/wrapping
  - logical
  - physical
  - physical/inmem
  - version
- name: github.com/hashicorp/yamux
  version: 2f1d1f20f75d5404f53b9edf6b53ed5505508675
- name: github.com/inconshreveable/mousetrap
  version: 76626ae9c91c4f2a10f34cad8ce83ea42c93bb75
- name: github.com/jmespath/go-jmespath
  version: 0b12d6b521d83fc7f755e7cfc1b1fbdd35a01a74
- name: github.com/jpillora/go-ogle-analytics
  version: 14b04e0594ef6a9fd943363b135656f0ec8c9d0e
- name: github.com/json-iterator/go
  version: 1624edc4454b8682399def8740d46db5e4362ba4
- name: github.com/juju/errors
  version: 089d3ea4e4d597bd98acac068193d341983326a3
- name: github.com/konsorten/go-windows-terminal-sequences
  version: 5c8c8bd35d3832f5d134ae1e1e375b69a4d25242
- name: github.com/kubedb/apimachinery
  version: 4cebffe1a7709b9b1ed48766040ea6072957be65
  subpackages:
  - apis
  - apis/authorization
  - apis/authorization/v1alpha1
  - apis/catalog
  - apis/catalog/v1alpha1
  - apis/config/v1alpha1
  - apis/kubedb
  - apis/kubedb/v1alpha1
  - client/clientset/versioned/scheme
- name: github.com/kubevault/operator
  version: 17ecd2b8182b341050b3b13c23fff6d2a1cdc7fc
  subpackages:
  - apis
  - apis/catalog
  - apis/catalog/v1alpha1
  - apis/config
  - apis/config/v1alpha1
  - apis/kubevault
  - apis/kubevault/v1alpha1
  - apis/policy
  - apis/policy/v1alpha1
  - client/clientset/versioned/scheme
  - pkg/util
  - pkg/vault
  - pkg/vault/auth
  - pkg/vault/auth/aws
  - pkg/vault/auth/cert
  - pkg/vault/auth/kubernetes
  - pkg/vault/auth/serviceaccount
  - pkg/vault/auth/token
  - pkg/vault/auth/types
  - pkg/vault/auth/userpass
  - pkg/vault/util
- name: github.com/mailru/easyjson
  version: 2f5df55504ebc322e4d52d34df6a1f5b503bf26d
  subpackages:
  - buffer
  - jlexer
  - jwriter
- name: github.com/mitchellh/go-homedir
  version: d682a8f0cf139663a984ff12528da460ca963de9
- name: github.com/mitchellh/go-testing-interface
  version: 6d0b8010fcc857872e42fc6c931227569016843c
- name: github.com/mitchellh/mapstructure
  version: 53818660ed4955e899c0bcafa97299a388bd7c8e
- name: github.com/modern-go/concurrent
  version: bacd9c7ef1dd9b15be4a9909b8ac7a4e313eec94
- name: github.com/modern-go/reflect2
  version: 05fbef0ca5da472bbf96c9322b84a53edc03c9fd
- name: github.com/oklog/run
  version: 6934b124db28979da51d3470dadfa34d73d72652
- name: github.com/peterbourgon/diskv
  version: 5f041e8faa004a95c88a202771f4cc3e991971e6
- name: github.com/pierrec/lz4
  version: 623b5a2f4d2a41e411730dcdfbfdaeb5c0c4564e
  subpackages:
  - internal/xxh32
- name: github.com/pkg/errors
  version: 645ef00459ed84a119197bfb8d8205042c6df63d
- name: github.com/PuerkitoBio/purell
  version: 8a290539e2e8629dbc4e6bad948158f790ec31f4
- name: github.com/PuerkitoBio/urlesc
  version: 5bd2802263f21d8788851d5305584c82a5c75d7e
- name: github.com/russross/blackfriday
  version: 05f3235734ad95d0016f6a23902f06461fcf567a
- name: github.com/ryanuber/go-glob
  version: 256dc444b735e061061cf46c809487313d5b0065
- name: github.com/sergi/go-diff
  version: 24e2351369ec4949b2ed0dc5c477afdd4c4034e8
  repo: https://github.com/sergi/go-diff
  subpackages:
  - diffmatchpatch
- name: github.com/SermoDigital/jose
  version: 803625baeddc3526d01d321b5066029f53eafc81
  subpackages:
  - crypto
  - jws
  - jwt
- name: github.com/sirupsen/logrus
  version: ad15b42461921f1fb3529b058c6786c6a45d5162
- name: github.com/spf13/cobra
  version: ef82de70bb3f60c65fb8eebacbb2d122ef517385
  subpackages:
  - doc
- name: github.com/spf13/pflag
  version: 298182f68c66c05229eb03ac171abe6e309ee79a
- name: github.com/yudai/gojsondiff
  version: e21612694bdd50975f93cd5eaccb457477128e28
  subpackages:
  - formatter
- name: github.com/yudai/golcs
  version: d1c525dea8ce39ea9a783d33cf08932305373f2c
  repo: https://github.com/yudai/golcs
- name: golang.org/x/crypto
  version: de0752318171da717af4ce24d0a2e8626afaeb11
  subpackages:
  - ssh/terminal
- name: golang.org/x/net
  version: 1c05540f6879653db88113bc4a2b70aec4bd491f
  subpackages:
  - context
  - html
  - html/atom
  - html/charset
  - http2
  - http2/hpack
  - idna
  - internal/timeseries
  - lex/httplex
  - trace
- name: golang.org/x/oauth2
  version: a6bd8cefa1811bd24b86f8902872e4e8225f74c4
  subpackages:
  - google
  - internal
  - jws
  - jwt
- name: golang.org/x/sys
  version: 95c6576299259db960f6c5b9b69ea52422860fce
  subpackages:
  - unix
  - windows
- name: golang.org/x/text
  version: b19bf474d317b857955b12035d2c5acb57ce8b01
  subpackages:
  - cases
  - encoding
  - encoding/charmap
  - encoding/htmlindex
  - encoding/internal
  - encoding/internal/identifier
  - encoding/japanese
  - encoding/korean
  - encoding/simplifiedchinese
  - encoding/traditionalchinese
  - encoding/unicode
  - internal
  - internal/tag
  - internal/utf8internal
  - language
  - runes
  - secure/bidirule
  - secure/precis
  - transform
  - unicode/bidi
  - unicode/norm
  - width
- name: golang.org/x/time
  version: f51c12702a4d776e4c1fa9b0fabab841babae631
  subpackages:
  - rate
- name: google.golang.org/appengine
  version: 4f7eeb5305a4ba1966344836ba4af9996b7b4e05
  subpackages:
  - internal
  - internal/base
  - internal/datastore
  - internal/log
  - internal/remote_api
  - internal/urlfetch
  - urlfetch
- name: google.golang.org/genproto
  version: 09f6ed296fc66555a25fe4ce95173148778dfa85
  subpackages:
  - googleapis/api/annotations
  - googleapis/rpc/status
- name: google.golang.org/grpc
  version: 7a6a684ca69eb4cae85ad0a484f2e531598c047b
  subpackages:
  - balancer
  - balancer/base
  - balancer/roundrobin
  - channelz
  - codes
  - connectivity
  - credentials
  - encoding
  - encoding/proto
  - grpclb/grpc_lb_v1/messages
  - grpclog
  - health
  - health/grpc_health_v1
  - internal
  - keepalive
  - metadata
  - naming
  - peer
  - resolver
  - resolver/dns
  - resolver/passthrough
  - stats
  - status
  - tap
  - transport
- name: gopkg.in/inf.v0
  version: 3887ee99ecf07df5b447e9b00d9c0b2adaa9f3e4
- name: gopkg.in/yaml.v2
  version: 5420a8b6744d3b0345ab293f6fcba19c978f1183
- name: k8s.io/api
  version: fd83cbc87e7632ccd8bbab63d2b673d4e0c631cc
  subpackages:
  - admissionregistration/v1alpha1
  - admissionregistration/v1beta1
  - apps/v1
  - apps/v1beta1
  - apps/v1beta2
  - authentication/v1
  - authentication/v1beta1
  - authorization/v1
  - authorization/v1beta1
  - autoscaling/v1
  - autoscaling/v2beta1
  - autoscaling/v2beta2
  - batch/v1
  - batch/v1beta1
  - batch/v2alpha1
  - certificates/v1beta1
  - coordination/v1beta1
  - core/v1
  - events/v1beta1
  - extensions/v1beta1
  - networking/v1
  - policy/v1beta1
  - rbac/v1
  - rbac/v1alpha1
  - rbac/v1beta1
  - scheduling/v1alpha1
  - scheduling/v1beta1
  - settings/v1alpha1
  - storage/v1
  - storage/v1alpha1
  - storage/v1beta1
- name: k8s.io/apiextensions-apiserver
  version: 1748dfb29e8a4432b78514bc88a1b07937a9805a
  subpackages:
  - pkg/apis/apiextensions
  - pkg/apis/apiextensions/v1beta1
  - pkg/client/clientset/clientset/scheme
  - pkg/client/clientset/clientset/typed/apiextensions/v1beta1
- name: k8s.io/apimachinery
  version: 00edbc532482e56a75224c794deaa1366dd292cb
  repo: https://github.com/kmodules/apimachinery.git
  vcs: git
  subpackages:
  - pkg/api/errors
  - pkg/api/meta
  - pkg/api/resource
  - pkg/apis/meta/v1
  - pkg/apis/meta/v1/unstructured
  - pkg/apis/meta/v1beta1
  - pkg/conversion
  - pkg/conversion/queryparams
  - pkg/fields
  - pkg/labels
  - pkg/runtime
  - pkg/runtime/schema
  - pkg/runtime/serializer
  - pkg/runtime/serializer/json
  - pkg/runtime/serializer/protobuf
  - pkg/runtime/serializer/recognizer
  - pkg/runtime/serializer/streaming
  - pkg/runtime/serializer/versioning
  - pkg/selection
  - pkg/types
  - pkg/util/clock
  - pkg/util/errors
  - pkg/util/framer
  - pkg/util/intstr
  - pkg/util/json
  - pkg/util/mergepatch
  - pkg/util/naming
  - pkg/util/net
  - pkg/util/runtime
  - pkg/util/sets
  - pkg/util/strategicpatch
  - pkg/util/validation
  - pkg/util/validation/field
  - pkg/util/wait
  - pkg/util/yaml
  - pkg/version
  - pkg/watch
  - third_party/forked/golang/json
  - third_party/forked/golang/reflect
- name: k8s.io/client-go
  version: 1638f8970cefaa404ff3a62950f88b08292b2696
  subpackages:
  - discovery
  - kubernetes
  - kubernetes/scheme
  - kubernetes/typed/admissionregistration/v1alpha1
  - kubernetes/typed/admissionregistration/v1beta1
  - kubernetes/typed/apps/v1
  - kubernetes/typed/apps/v1beta1
  - kubernetes/typed/apps/v1beta2
  - kubernetes/typed/authentication/v1
  - kubernetes/typed/authentication/v1beta1
  - kubernetes/typed/authorization/v1
  - kubernetes/typed/authorization/v1beta1
  - kubernetes/typed/autoscaling/v1
  - kubernetes/typed/autoscaling/v2beta1
  - kubernetes/typed/autoscaling/v2beta2
  - kubernetes/typed/batch/v1
  - kubernetes/typed/batch/v1beta1
  - kubernetes/typed/batch/v2alpha1
  - kubernetes/typed/certificates/v1beta1
  - kubernetes/typed/coordination/v1beta1
  - kubernetes/typed/core/v1
  - kubernetes/typed/events/v1beta1
  - kubernetes/typed/extensions/v1beta1
  - kubernetes/typed/networking/v1
  - kubernetes/typed/policy/v1beta1
  - kubernetes/typed/rbac/v1
  - kubernetes/typed/rbac/v1alpha1
  - kubernetes/typed/rbac/v1beta1
  - kubernetes/typed/scheduling/v1alpha1
  - kubernetes/typed/scheduling/v1beta1
  - kubernetes/typed/settings/v1alpha1
  - kubernetes/typed/storage/v1
  - kubernetes/typed/storage/v1alpha1
  - kubernetes/typed/storage/v1beta1
  - pkg/apis/clientauthentication
  - pkg/apis/clientauthentication/v1alpha1
  - pkg/apis/clientauthentication/v1beta1
  - pkg/version
  - plugin/pkg/client/auth/exec
  - rest
  - rest/watch
  - tools/clientcmd/api
  - tools/metrics
  - tools/reference
  - transport
  - util/cert
  - util/connrotation
  - util/flowcontrol
  - util/integer
- name: k8s.io/kube-openapi
  version: 0cf8f7e6ed1d2e3d47d02e3b6e559369af24d803
  subpackages:
  - pkg/common
  - pkg/util/proto
- name: k8s.io/kubernetes
  version: 0ed33881dc4355495f623c6f22e7dd0b7632b7c0
  subpackages:
  - pkg/api/legacyscheme
- name: kmodules.xyz/custom-resources
  version: 6d398bd2d81b1d6a811ad026c1dd24f1564a1f3c
  repo: https://github.com/kmodules/custom-resources.git
  vcs: git
  subpackages:
  - apis/appcatalog
  - apis/appcatalog/v1alpha1
  - client/clientset/versioned/scheme
  - client/clientset/versioned/typed/appcatalog/v1alpha1
- name: kmodules.xyz/monitoring-agent-api
  version: c68fa034fbbaeb8c930c17d1ec0790a4ea46bad3
  repo: https://github.com/kmodules/monitoring-agent-api.git
  vcs: git
  subpackages:
  - api/v1
- name: kmodules.xyz/objectstore-api
  version: ebe27c957a5bf41e0680776e3626b5507087f4c3
  repo: https://github.com/kmodules/objectstore-api.git
  vcs: git
  subpackages:
  - api/v1
- name: kmodules.xyz/offshoot-api
  version: 2ab6d9decb219e8465875d80be5d6bc754052bd9
  repo: https://github.com/kmodules/offshoot-api.git
  vcs: git
  subpackages:
  - api/v1
testImports:
- name: github.com/kmodules/custom-resources
  version: 10b24c8fd9028ab67a4b75cbf16d8f8e52cfe634
  subpackages:
  - apis/appcatalog/v1alpha1
- name: github.com/kubernetes-csi/csi-test
  version: d8da31da5fc7842397a37934652487bf3e4f6ab0
  subpackages:
  - pkg/sanity
  - utils
- name: github.com/onsi/ginkgo
  version: fa5fabab2a1bfbd924faf4c067d07ae414e2aedf
  subpackages:
  - config
  - internal/codelocation
  - internal/containernode
  - internal/failer
  - internal/leafnodes
  - internal/remote
  - internal/spec
  - internal/spec_iterator
  - internal/specrunner
  - internal/suite
  - internal/testingtproxy
  - internal/writer
  - reporters
  - reporters/stenographer
  - reporters/stenographer/support/go-colorable
  - reporters/stenographer/support/go-isatty
  - types
- name: github.com/onsi/gomega
  version: 62bff4df71bdbc266561a0caee19f0594b17c240
  subpackages:
  - format
  - internal/assertion
  - internal/asyncassertion
  - internal/oraclematcher
  - internal/testingtsupport
  - matchers
  - matchers/support/goraph/bipartitegraph
  - matchers/support/goraph/edge
  - matchers/support/goraph/node
  - matchers/support/goraph/util
  - types
